
Microsoft Visual Studio Solution File, Format Version 12.00
# Visual Studio Version 16
VisualStudioVersion = 16.0.30517.126
MinimumVisualStudioVersion = 10.0.40219.1
Project("{FAE04EC0-301F-11D3-BF4B-00C04F79EFBC}") = "UppgiftenSTSAPI", "UppgiftenSTSAPI.csproj", "{BD260AFE-F325-4251-8C49-A30057736D52}"
EndProject
Global
	GlobalSection(SolutionConfigurationPlatforms) = preSolution
		Debug|Any CPU = Debug|Any CPU
		Release|Any CPU = Release|Any CPU
	EndGlobalSection
	GlobalSection(ProjectConfigurationPlatforms) = postSolution
		{BD260AFE-F325-4251-8C49-A30057736D52}.Debug|Any CPU.ActiveCfg = Debug|Any CPU
		{BD260AFE-F325-4251-8C49-A30057736D52}.Debug|Any CPU.Build.0 = Debug|Any CPU
		{BD260AFE-F325-4251-8C49-A30057736D52}.Release|Any CPU.ActiveCfg = Release|Any CPU
		{BD260AFE-F325-4251-8C49-A30057736D52}.Release|Any CPU.Build.0 = Release|Any CPU
	EndGlobalSection
	GlobalSection(SolutionProperties) = preSolution
		HideSolutionNode = FALSE
	EndGlobalSection
	GlobalSection(ExtensibilityGlobals) = postSolution
		SolutionGuid = {9E9CA405-E6AE-468C-A66C-C9F080F37B88}
	EndGlobalSection
EndGlobal
